
Microsoft Visual Studio Solution File, Format Version 12.00
# Visual Studio Version 16
VisualStudioVersion = 16.0.31515.178
MinimumVisualStudioVersion = 10.0.40219.1
Project("{FAE04EC0-301F-11D3-BF4B-00C04F79EFBC}") = "EmployeeCrud", "EmployeeCrud\EmployeeCrud.csproj", "{6BDB2D7B-383F-4110-AA29-607A1FFFCB01}"
EndProject
Global
	GlobalSection(SolutionConfigurationPlatforms) = preSolution
		Debug|Any CPU = Debug|Any CPU
		Release|Any CPU = Release|Any CPU
	EndGlobalSection
	GlobalSection(ProjectConfigurationPlatforms) = postSolution
		{6BDB2D7B-383F-4110-AA29-607A1FFFCB01}.Debug|Any CPU.ActiveCfg = Debug|Any CPU
		{6BDB2D7B-383F-4110-AA29-607A1FFFCB01}.Debug|Any CPU.Build.0 = Debug|Any CPU
		{6BDB2D7B-383F-4110-AA29-607A1FFFCB01}.Release|Any CPU.ActiveCfg = Release|Any CPU
		{6BDB2D7B-383F-4110-AA29-607A1FFFCB01}.Release|Any CPU.Build.0 = Release|Any CPU
	EndGlobalSection
	GlobalSection(SolutionProperties) = preSolution
		HideSolutionNode = FALSE
	EndGlobalSection
	GlobalSection(ExtensibilityGlobals) = postSolution
		SolutionGuid = {33974F8E-DB96-4313-9186-B861D2B6CD89}
	EndGlobalSection
EndGlobal
